
Microsoft Visual Studio Solution File, Format Version 12.00
# Visual Studio 15
VisualStudioVersion = 15.0.28307.572
MinimumVisualStudioVersion = 10.0.40219.1
Project("{FAE04EC0-301F-11D3-BF4B-00C04F79EFBC}") = "FLAC Downloader CLI", "FLAC Downloader CLI\FLAC Downloader CLI.csproj", "{68AF6DF9-C770-4447-99A7-18D93877BE4B}"
EndProject
Global
	GlobalSection(SolutionConfigurationPlatforms) = preSolution
		Debug|Any CPU = Debug|Any CPU
		Release|Any CPU = Release|Any CPU
	EndGlobalSection
	GlobalSection(ProjectConfigurationPlatforms) = postSolution
		{68AF6DF9-C770-4447-99A7-18D93877BE4B}.Debug|Any CPU.ActiveCfg = Debug|Any CPU
		{68AF6DF9-C770-4447-99A7-18D93877BE4B}.Debug|Any CPU.Build.0 = Debug|Any CPU
		{68AF6DF9-C770-4447-99A7-18D93877BE4B}.Release|Any CPU.ActiveCfg = Release|Any CPU
		{68AF6DF9-C770-4447-99A7-18D93877BE4B}.Release|Any CPU.Build.0 = Release|Any CPU
	EndGlobalSection
	GlobalSection(SolutionProperties) = preSolution
		HideSolutionNode = FALSE
	EndGlobalSection
	GlobalSection(ExtensibilityGlobals) = postSolution
		SolutionGuid = {72825F4B-4ED0-4C4C-9EB2-1415918098BC}
	EndGlobalSection
EndGlobal
